Microsoft Visual Studio Solution File, Format Version 12.00
# Visual Studio Version 17
VisualStudioVersion = 17.13.35919.96
MinimumVisualStudioVersion = 10.0.40219.1
Project("{6EC3EE1D-3C4E-46DD-8F32-0CC8E7565705}") = "SQLProvider.Runtime", "src\SQLProvider.Runtime\SQLProvider.Runtime.fsproj", "{869D1719-52F6-4161-891F-892E6700EEDA}"
EndProject
Project("{6EC3EE1D-3C4E-46DD-8F32-0CC8E7565705}") = "SQLProvider.DesignTime", "src\SQLProvider.DesignTime\SQLProvider.DesignTime.fsproj", "{9DFB1C30-D288-431B-A8EE-425EAD0E2549}"
EndProject
Project("{F2A71F9B-5D33-465A-A702-920D77279786}") = "SQLProvider.Common", "src\SQLProvider.Common\SQLProvider.Common.fsproj", "{F9712C88-C65E-6D87-BC51-89447136E6C3}"
EndProject
Project("{F2A71F9B-5D33-465A-A702-920D77279786}") = "SQLProvider.MsSql.Runtime", "src\SQLProvider.MsSql.Runtime\SQLProvider.MsSql.Runtime.fsproj", "{5CCBA1C6-2D33-B6D7-4E6B-67D835B17A42}"
EndProject
Project("{F2A71F9B-5D33-465A-A702-920D77279786}") = "SQLProvider.MsSql.DesignTime", "src\SQLProvider.MsSql.DesignTime\SQLProvider.MsSql.DesignTime.fsproj", "{10372968-9A3B-7BA4-C297-2BEAFE6B96FB}"
EndProject
Project("{2150E333-8FDC-42A3-9474-1A3956D46DE8}") = "DB-Specific", "DB-Specific", "{02EA681E-C7D8-13C7-8484-4AC65E1B71E8}"
EndProject
Project("{F2A71F9B-5D33-465A-A702-920D77279786}") = "SQLProvider.Postgresql.DesignTime", "src\SQLProvider.Postgresql.DesignTime\SQLProvider.Postgresql.DesignTime.fsproj", "{8896C5BC-D2D0-49C6-BBD2-9DFBB2F7D32A}"
EndProject
Project("{F2A71F9B-5D33-465A-A702-920D77279786}") = "SQLProvider.Postgresql.Runtime", "src\SQLProvider.Postgresql.Runtime\SQLProvider.Postgresql.Runtime.fsproj", "{9BDF1CC4-C97B-BFF4-CEEE-1403C1E6E1EF}"
EndProject
Project("{F2A71F9B-5D33-465A-A702-920D77279786}") = "SQLProvider.MySql.DesignTime", "src\SQLProvider.MySql.DesignTime\SQLProvider.MySql.DesignTime.fsproj", "{4BB91FFE-25FA-4FF7-8E51-1C757778A440}"
EndProject
Project("{F2A71F9B-5D33-465A-A702-920D77279786}") = "SQLProvider.MySql.Runtime", "src\SQLProvider.MySql.Runtime\SQLProvider.MySql.Runtime.fsproj", "{D0A6A8CF-91C4-0CE6-2FB3-5D329531CF71}"
EndProject
Project("{F2A71F9B-5D33-465A-A702-920D77279786}") = "SQLProvider.SQLite.DesignTime", "src\SQLProvider.SQLite.DesignTime\SQLProvider.SQLite.DesignTime.fsproj", "{CEED459E-62FE-A9F2-E10E-D122BC1D13D2}"
EndProject
Project("{F2A71F9B-5D33-465A-A702-920D77279786}") = "SQLProvider.SQLite.Runtime", "src\SQLProvider.SQLite.Runtime\SQLProvider.SQLite.Runtime.fsproj", "{03AE8F01-38A4-12D5-FD40-0AF5CF297BD4}"
EndProject
Project("{F2A71F9B-5D33-465A-A702-920D77279786}") = "SQLProvider.FireBird.DesignTime", "src\SQLProvider.FireBird.DesignTime\SQLProvider.FireBird.DesignTime.fsproj", "{82C1A507-F1DC-9E5C-6C87-DDAF37DA4BEB}"
EndProject
Project("{F2A71F9B-5D33-465A-A702-920D77279786}") = "SQLProvider.FireBird.Runtime", "src\SQLProvider.FireBird.Runtime\SQLProvider.FireBird.Runtime.fsproj", "{E7CD6210-6382-799C-1C0A-4BD675FA02AB}"
EndProject
Project("{F2A71F9B-5D33-465A-A702-920D77279786}") = "SQLProvider.Odbc.DesignTime", "src\SQLProvider.Odbc.DesignTime\SQLProvider.Odbc.DesignTime.fsproj", "{07F9D1E1-6D3C-1B12-9B83-69BFCFFBF219}"
EndProject
Project("{F2A71F9B-5D33-465A-A702-920D77279786}") = "SQLProvider.Odbc.Runtime", "src\SQLProvider.Odbc.Runtime\SQLProvider.Odbc.Runtime.fsproj", "{40176EB6-F8A4-1959-CB9F-D8B1CE026CFE}"
EndProject
Project("{F2A71F9B-5D33-465A-A702-920D77279786}") = "SQLProvider.Oracle.DesignTime", "src\SQLProvider.Oracle.DesignTime\SQLProvider.Oracle.DesignTime.fsproj", "{619AA481-327B-EDCF-C533-31A9C78CEAB1}"
EndProject
Project("{F2A71F9B-5D33-465A-A702-920D77279786}") = "SQLProvider.Oracle.Runtime", "src\SQLProvider.Oracle.Runtime\SQLProvider.Oracle.Runtime.fsproj", "{5C8C8958-71F5-B2B0-5DAF-098718F00AC6}"
EndProject
Project("{F2A71F9B-5D33-465A-A702-920D77279786}") = "SQLProvider.DuckDb.DesignTime", "src\SQLProvider.DuckDb.DesignTime\SQLProvider.DuckDb.DesignTime.fsproj", "{902E1AB8-BD9B-654C-942D-8CFD133797EF}"
EndProject
Project("{F2A71F9B-5D33-465A-A702-920D77279786}") = "SQLProvider.DuckDb.Runtime", "src\SQLProvider.DuckDb.Runtime\SQLProvider.DuckDb.Runtime.fsproj", "{61809CBB-3806-4918-92D8-A700D7F91D86}"
EndProject
Global
	GlobalSection(SolutionConfigurationPlatforms) = preSolution
		Debug|Any CPU = Debug|Any CPU
		Debug|x64 = Debug|x64
		Debug|x86 = Debug|x86
		Release|Any CPU = Release|Any CPU
		Release|x64 = Release|x64
		Release|x86 = Release|x86
	EndGlobalSection
	GlobalSection(ProjectConfigurationPlatforms) = postSolution
		{869D1719-52F6-4161-891F-892E6700EEDA}.Debug|Any CPU.ActiveCfg = Debug|Any CPU
		{869D1719-52F6-4161-891F-892E6700EEDA}.Debug|Any CPU.Build.0 = Debug|Any CPU
		{869D1719-52F6-4161-891F-892E6700EEDA}.Debug|x64.ActiveCfg = Debug|Any CPU
		{869D1719-52F6-4161-891F-892E6700EEDA}.Debug|x64.Build.0 = Debug|Any CPU
		{869D1719-52F6-4161-891F-892E6700EEDA}.Debug|x86.ActiveCfg = Debug|Any CPU
		{869D1719-52F6-4161-891F-892E6700EEDA}.Debug|x86.Build.0 = Debug|Any CPU
		{869D1719-52F6-4161-891F-892E6700EEDA}.Release|Any CPU.ActiveCfg = Release|Any CPU
		{869D1719-52F6-4161-891F-892E6700EEDA}.Release|Any CPU.Build.0 = Release|Any CPU
		{869D1719-52F6-4161-891F-892E6700EEDA}.Release|x64.ActiveCfg = Release|Any CPU
		{869D1719-52F6-4161-891F-892E6700EEDA}.Release|x64.Build.0 = Release|Any CPU
		{869D1719-52F6-4161-891F-892E6700EEDA}.Release|x86.ActiveCfg = Release|Any CPU
		{869D1719-52F6-4161-891F-892E6700EEDA}.Release|x86.Build.0 = Release|Any CPU
		{9DFB1C30-D288-431B-A8EE-425EAD0E2549}.Debug|Any CPU.ActiveCfg = Debug|Any CPU
		{9DFB1C30-D288-431B-A8EE-425EAD0E2549}.Debug|Any CPU.Build.0 = Debug|Any CPU
		{9DFB1C30-D288-431B-A8EE-425EAD0E2549}.Debug|x64.ActiveCfg = Debug|Any CPU
		{9DFB1C30-D288-431B-A8EE-425EAD0E2549}.Debug|x64.Build.0 = Debug|Any CPU
		{9DFB1C30-D288-431B-A8EE-425EAD0E2549}.Debug|x86.ActiveCfg = Debug|Any CPU
		{9DFB1C30-D288-431B-A8EE-425EAD0E2549}.Debug|x86.Build.0 = Debug|Any CPU
		{9DFB1C30-D288-431B-A8EE-425EAD0E2549}.Release|Any CPU.ActiveCfg = Release|Any CPU
		{9DFB1C30-D288-431B-A8EE-425EAD0E2549}.Release|Any CPU.Build.0 = Release|Any CPU
		{9DFB1C30-D288-431B-A8EE-425EAD0E2549}.Release|x64.ActiveCfg = Release|Any CPU
		{9DFB1C30-D288-431B-A8EE-425EAD0E2549}.Release|x64.Build.0 = Release|Any CPU
		{9DFB1C30-D288-431B-A8EE-425EAD0E2549}.Release|x86.ActiveCfg = Release|Any CPU
		{9DFB1C30-D288-431B-A8EE-425EAD0E2549}.Release|x86.Build.0 = Release|Any CPU
		{F9712C88-C65E-6D87-BC51-89447136E6C3}.Debug|Any CPU.ActiveCfg = Debug|Any CPU
		{F9712C88-C65E-6D87-BC51-89447136E6C3}.Debug|Any CPU.Build.0 = Debug|Any CPU
		{F9712C88-C65E-6D87-BC51-89447136E6C3}.Debug|x64.ActiveCfg = Debug|Any CPU
		{F9712C88-C65E-6D87-BC51-89447136E6C3}.Debug|x64.Build.0 = Debug|Any CPU
		{F9712C88-C65E-6D87-BC51-89447136E6C3}.Debug|x86.ActiveCfg = Debug|Any CPU
		{F9712C88-C65E-6D87-BC51-89447136E6C3}.Debug|x86.Build.0 = Debug|Any CPU
		{F9712C88-C65E-6D87-BC51-89447136E6C3}.Release|Any CPU.ActiveCfg = Release|Any CPU
		{F9712C88-C65E-6D87-BC51-89447136E6C3}.Release|Any CPU.Build.0 = Release|Any CPU
		{F9712C88-C65E-6D87-BC51-89447136E6C3}.Release|x64.ActiveCfg = Release|Any CPU
		{F9712C88-C65E-6D87-BC51-89447136E6C3}.Release|x64.Build.0 = Release|Any CPU
		{F9712C88-C65E-6D87-BC51-89447136E6C3}.Release|x86.ActiveCfg = Release|Any CPU
		{F9712C88-C65E-6D87-BC51-89447136E6C3}.Release|x86.Build.0 = Release|Any CPU
		{5CCBA1C6-2D33-B6D7-4E6B-67D835B17A42}.Debug|Any CPU.ActiveCfg = Debug|Any CPU
		{5CCBA1C6-2D33-B6D7-4E6B-67D835B17A42}.Debug|Any CPU.Build.0 = Debug|Any CPU
		{5CCBA1C6-2D33-B6D7-4E6B-67D835B17A42}.Debug|x64.ActiveCfg = Debug|Any CPU
		{5CCBA1C6-2D33-B6D7-4E6B-67D835B17A42}.Debug|x64.Build.0 = Debug|Any CPU
		{5CCBA1C6-2D33-B6D7-4E6B-67D835B17A42}.Debug|x86.ActiveCfg = Debug|Any CPU
		{5CCBA1C6-2D33-B6D7-4E6B-67D835B17A42}.Debug|x86.Build.0 = Debug|Any CPU
		{5CCBA1C6-2D33-B6D7-4E6B-67D835B17A42}.Release|Any CPU.ActiveCfg = Release|Any CPU
		{5CCBA1C6-2D33-B6D7-4E6B-67D835B17A42}.Release|Any CPU.Build.0 = Release|Any CPU
		{5CCBA1C6-2D33-B6D7-4E6B-67D835B17A42}.Release|x64.ActiveCfg = Release|Any CPU
		{5CCBA1C6-2D33-B6D7-4E6B-67D835B17A42}.Release|x64.Build.0 = Release|Any CPU
		{5CCBA1C6-2D33-B6D7-4E6B-67D835B17A42}.Release|x86.ActiveCfg = Release|Any CPU
		{5CCBA1C6-2D33-B6D7-4E6B-67D835B17A42}.Release|x86.Build.0 = Release|Any CPU
		{10372968-9A3B-7BA4-C297-2BEAFE6B96FB}.Debug|Any CPU.ActiveCfg = Debug|Any CPU
		{10372968-9A3B-7BA4-C297-2BEAFE6B96FB}.Debug|Any CPU.Build.0 = Debug|Any CPU
		{10372968-9A3B-7BA4-C297-2BEAFE6B96FB}.Debug|x64.ActiveCfg = Debug|Any CPU
		{10372968-9A3B-7BA4-C297-2BEAFE6B96FB}.Debug|x64.Build.0 = Debug|Any CPU
		{10372968-9A3B-7BA4-C297-2BEAFE6B96FB}.Debug|x86.ActiveCfg = Debug|Any CPU
		{10372968-9A3B-7BA4-C297-2BEAFE6B96FB}.Debug|x86.Build.0 = Debug|Any CPU
		{10372968-9A3B-7BA4-C297-2BEAFE6B96FB}.Release|Any CPU.ActiveCfg = Release|Any CPU
		{10372968-9A3B-7BA4-C297-2BEAFE6B96FB}.Release|Any CPU.Build.0 = Release|Any CPU
		{10372968-9A3B-7BA4-C297-2BEAFE6B96FB}.Release|x64.ActiveCfg = Release|Any CPU
		{10372968-9A3B-7BA4-C297-2BEAFE6B96FB}.Release|x64.Build.0 = Release|Any CPU
		{10372968-9A3B-7BA4-C297-2BEAFE6B96FB}.Release|x86.ActiveCfg = Release|Any CPU
		{10372968-9A3B-7BA4-C297-2BEAFE6B96FB}.Release|x86.Build.0 = Release|Any CPU
		{8896C5BC-D2D0-49C6-BBD2-9DFBB2F7D32A}.Debug|Any CPU.ActiveCfg = Debug|Any CPU
		{8896C5BC-D2D0-49C6-BBD2-9DFBB2F7D32A}.Debug|Any CPU.Build.0 = Debug|Any CPU
		{8896C5BC-D2D0-49C6-BBD2-9DFBB2F7D32A}.Debug|x64.ActiveCfg = Debug|Any CPU
		{8896C5BC-D2D0-49C6-BBD2-9DFBB2F7D32A}.Debug|x64.Build.0 = Debug|Any CPU
		{8896C5BC-D2D0-49C6-BBD2-9DFBB2F7D32A}.Debug|x86.ActiveCfg = Debug|Any CPU
		{8896C5BC-D2D0-49C6-BBD2-9DFBB2F7D32A}.Debug|x86.Build.0 = Debug|Any CPU
		{8896C5BC-D2D0-49C6-BBD2-9DFBB2F7D32A}.Release|Any CPU.ActiveCfg = Release|Any CPU
		{8896C5BC-D2D0-49C6-BBD2-9DFBB2F7D32A}.Release|Any CPU.Build.0 = Release|Any CPU
		{8896C5BC-D2D0-49C6-BBD2-9DFBB2F7D32A}.Release|x64.ActiveCfg = Release|Any CPU
		{8896C5BC-D2D0-49C6-BBD2-9DFBB2F7D32A}.Release|x64.Build.0 = Release|Any CPU
		{8896C5BC-D2D0-49C6-BBD2-9DFBB2F7D32A}.Release|x86.ActiveCfg = Release|Any CPU
		{8896C5BC-D2D0-49C6-BBD2-9DFBB2F7D32A}.Release|x86.Build.0 = Release|Any CPU
		{9BDF1CC4-C97B-BFF4-CEEE-1403C1E6E1EF}.Debug|Any CPU.ActiveCfg = Debug|Any CPU
		{9BDF1CC4-C97B-BFF4-CEEE-1403C1E6E1EF}.Debug|Any CPU.Build.0 = Debug|Any CPU
		{9BDF1CC4-C97B-BFF4-CEEE-1403C1E6E1EF}.Debug|x64.ActiveCfg = Debug|Any CPU
		{9BDF1CC4-C97B-BFF4-CEEE-1403C1E6E1EF}.Debug|x64.Build.0 = Debug|Any CPU
		{9BDF1CC4-C97B-BFF4-CEEE-1403C1E6E1EF}.Debug|x86.ActiveCfg = Debug|Any CPU
		{9BDF1CC4-C97B-BFF4-CEEE-1403C1E6E1EF}.Debug|x86.Build.0 = Debug|Any CPU
		{9BDF1CC4-C97B-BFF4-CEEE-1403C1E6E1EF}.Release|Any CPU.ActiveCfg = Release|Any CPU
		{9BDF1CC4-C97B-BFF4-CEEE-1403C1E6E1EF}.Release|Any CPU.Build.0 = Release|Any CPU
		{9BDF1CC4-C97B-BFF4-CEEE-1403C1E6E1EF}.Release|x64.ActiveCfg = Release|Any CPU
		{9BDF1CC4-C97B-BFF4-CEEE-1403C1E6E1EF}.Release|x64.Build.0 = Release|Any CPU
		{9BDF1CC4-C97B-BFF4-CEEE-1403C1E6E1EF}.Release|x86.ActiveCfg = Release|Any CPU
		{9BDF1CC4-C97B-BFF4-CEEE-1403C1E6E1EF}.Release|x86.Build.0 = Release|Any CPU
		{4BB91FFE-25FA-4FF7-8E51-1C757778A440}.Debug|Any CPU.ActiveCfg = Debug|Any CPU
		{4BB91FFE-25FA-4FF7-8E51-1C757778A440}.Debug|Any CPU.Build.0 = Debug|Any CPU
		{4BB91FFE-25FA-4FF7-8E51-1C757778A440}.Debug|x64.ActiveCfg = Debug|Any CPU
		{4BB91FFE-25FA-4FF7-8E51-1C757778A440}.Debug|x64.Build.0 = Debug|Any CPU
		{4BB91FFE-25FA-4FF7-8E51-1C757778A440}.Debug|x86.ActiveCfg = Debug|Any CPU
		{4BB91FFE-25FA-4FF7-8E51-1C757778A440}.Debug|x86.Build.0 = Debug|Any CPU
		{4BB91FFE-25FA-4FF7-8E51-1C757778A440}.Release|Any CPU.ActiveCfg = Release|Any CPU
		{4BB91FFE-25FA-4FF7-8E51-1C757778A440}.Release|Any CPU.Build.0 = Release|Any CPU
		{4BB91FFE-25FA-4FF7-8E51-1C757778A440}.Release|x64.ActiveCfg = Release|Any CPU
		{4BB91FFE-25FA-4FF7-8E51-1C757778A440}.Release|x64.Build.0 = Release|Any CPU
		{4BB91FFE-25FA-4FF7-8E51-1C757778A440}.Release|x86.ActiveCfg = Release|Any CPU
		{4BB91FFE-25FA-4FF7-8E51-1C757778A440}.Release|x86.Build.0 = Release|Any CPU
		{D0A6A8CF-91C4-0CE6-2FB3-5D329531CF71}.Debug|Any CPU.ActiveCfg = Debug|Any CPU
		{D0A6A8CF-91C4-0CE6-2FB3-5D329531CF71}.Debug|Any CPU.Build.0 = Debug|Any CPU
		{D0A6A8CF-91C4-0CE6-2FB3-5D329531CF71}.Debug|x64.ActiveCfg = Debug|Any CPU
		{D0A6A8CF-91C4-0CE6-2FB3-5D329531CF71}.Debug|x64.Build.0 = Debug|Any CPU
		{D0A6A8CF-91C4-0CE6-2FB3-5D329531CF71}.Debug|x86.ActiveCfg = Debug|Any CPU
		{D0A6A8CF-91C4-0CE6-2FB3-5D329531CF71}.Debug|x86.Build.0 = Debug|Any CPU
		{D0A6A8CF-91C4-0CE6-2FB3-5D329531CF71}.Release|Any CPU.ActiveCfg = Release|Any CPU
		{D0A6A8CF-91C4-0CE6-2FB3-5D329531CF71}.Release|Any CPU.Build.0 = Release|Any CPU
		{D0A6A8CF-91C4-0CE6-2FB3-5D329531CF71}.Release|x64.ActiveCfg = Release|Any CPU
		{D0A6A8CF-91C4-0CE6-2FB3-5D329531CF71}.Release|x64.Build.0 = Release|Any CPU
		{D0A6A8CF-91C4-0CE6-2FB3-5D329531CF71}.Release|x86.ActiveCfg = Release|Any CPU
		{D0A6A8CF-91C4-0CE6-2FB3-5D329531CF71}.Release|x86.Build.0 = Release|Any CPU
		{CEED459E-62FE-A9F2-E10E-D122BC1D13D2}.Debug|Any CPU.ActiveCfg = Debug|Any CPU
		{CEED459E-62FE-A9F2-E10E-D122BC1D13D2}.Debug|Any CPU.Build.0 = Debug|Any CPU
		{CEED459E-62FE-A9F2-E10E-D122BC1D13D2}.Debug|x64.ActiveCfg = Debug|Any CPU
		{CEED459E-62FE-A9F2-E10E-D122BC1D13D2}.Debug|x64.Build.0 = Debug|Any CPU
		{CEED459E-62FE-A9F2-E10E-D122BC1D13D2}.Debug|x86.ActiveCfg = Debug|Any CPU
		{CEED459E-62FE-A9F2-E10E-D122BC1D13D2}.Debug|x86.Build.0 = Debug|Any CPU
		{CEED459E-62FE-A9F2-E10E-D122BC1D13D2}.Release|Any CPU.ActiveCfg = Release|Any CPU
		{CEED459E-62FE-A9F2-E10E-D122BC1D13D2}.Release|Any CPU.Build.0 = Release|Any CPU
		{CEED459E-62FE-A9F2-E10E-D122BC1D13D2}.Release|x64.ActiveCfg = Release|Any CPU
		{CEED459E-62FE-A9F2-E10E-D122BC1D13D2}.Release|x64.Build.0 = Release|Any CPU
		{CEED459E-62FE-A9F2-E10E-D122BC1D13D2}.Release|x86.ActiveCfg = Release|Any CPU
		{CEED459E-62FE-A9F2-E10E-D122BC1D13D2}.Release|x86.Build.0 = Release|Any CPU
		{03AE8F01-38A4-12D5-FD40-0AF5CF297BD4}.Debug|Any CPU.ActiveCfg = Debug|Any CPU
		{03AE8F01-38A4-12D5-FD40-0AF5CF297BD4}.Debug|Any CPU.Build.0 = Debug|Any CPU
		{03AE8F01-38A4-12D5-FD40-0AF5CF297BD4}.Debug|x64.ActiveCfg = Debug|Any CPU
		{03AE8F01-38A4-12D5-FD40-0AF5CF297BD4}.Debug|x64.Build.0 = Debug|Any CPU
		{03AE8F01-38A4-12D5-FD40-0AF5CF297BD4}.Debug|x86.ActiveCfg = Debug|Any CPU
		{03AE8F01-38A4-12D5-FD40-0AF5CF297BD4}.Debug|x86.Build.0 = Debug|Any CPU
		{03AE8F01-38A4-12D5-FD40-0AF5CF297BD4}.Release|Any CPU.ActiveCfg = Release|Any CPU
		{03AE8F01-38A4-12D5-FD40-0AF5CF297BD4}.Release|Any CPU.Build.0 = Release|Any CPU
		{03AE8F01-38A4-12D5-FD40-0AF5CF297BD4}.Release|x64.ActiveCfg = Release|Any CPU
		{03AE8F01-38A4-12D5-FD40-0AF5CF297BD4}.Release|x64.Build.0 = Release|Any CPU
		{03AE8F01-38A4-12D5-FD40-0AF5CF297BD4}.Release|x86.ActiveCfg = Release|Any CPU
		{03AE8F01-38A4-12D5-FD40-0AF5CF297BD4}.Release|x86.Build.0 = Release|Any CPU
		{82C1A507-F1DC-9E5C-6C87-DDAF37DA4BEB}.Debug|Any CPU.ActiveCfg = Debug|Any CPU
		{82C1A507-F1DC-9E5C-6C87-DDAF37DA4BEB}.Debug|Any CPU.Build.0 = Debug|Any CPU
		{82C1A507-F1DC-9E5C-6C87-DDAF37DA4BEB}.Debug|x64.ActiveCfg = Debug|Any CPU
		{82C1A507-F1DC-9E5C-6C87-DDAF37DA4BEB}.Debug|x64.Build.0 = Debug|Any CPU
		{82C1A507-F1DC-9E5C-6C87-DDAF37DA4BEB}.Debug|x86.ActiveCfg = Debug|Any CPU
		{82C1A507-F1DC-9E5C-6C87-DDAF37DA4BEB}.Debug|x86.Build.0 = Debug|Any CPU
		{82C1A507-F1DC-9E5C-6C87-DDAF37DA4BEB}.Release|Any CPU.ActiveCfg = Release|Any CPU
		{82C1A507-F1DC-9E5C-6C87-DDAF37DA4BEB}.Release|Any CPU.Build.0 = Release|Any CPU
		{82C1A507-F1DC-9E5C-6C87-DDAF37DA4BEB}.Release|x64.ActiveCfg = Release|Any CPU
		{82C1A507-F1DC-9E5C-6C87-DDAF37DA4BEB}.Release|x64.Build.0 = Release|Any CPU
		{82C1A507-F1DC-9E5C-6C87-DDAF37DA4BEB}.Release|x86.ActiveCfg = Release|Any CPU
		{82C1A507-F1DC-9E5C-6C87-DDAF37DA4BEB}.Release|x86.Build.0 = Release|Any CPU
		{E7CD6210-6382-799C-1C0A-4BD675FA02AB}.Debug|Any CPU.ActiveCfg = Debug|Any CPU
		{E7CD6210-6382-799C-1C0A-4BD675FA02AB}.Debug|Any CPU.Build.0 = Debug|Any CPU
		{E7CD6210-6382-799C-1C0A-4BD675FA02AB}.Debug|x64.ActiveCfg = Debug|Any CPU
		{E7CD6210-6382-799C-1C0A-4BD675FA02AB}.Debug|x64.Build.0 = Debug|Any CPU
		{E7CD6210-6382-799C-1C0A-4BD675FA02AB}.Debug|x86.ActiveCfg = Debug|Any CPU
		{E7CD6210-6382-799C-1C0A-4BD675FA02AB}.Debug|x86.Build.0 = Debug|Any CPU
		{E7CD6210-6382-799C-1C0A-4BD675FA02AB}.Release|Any CPU.ActiveCfg = Release|Any CPU
		{E7CD6210-6382-799C-1C0A-4BD675FA02AB}.Release|Any CPU.Build.0 = Release|Any CPU
		{E7CD6210-6382-799C-1C0A-4BD675FA02AB}.Release|x64.ActiveCfg = Release|Any CPU
		{E7CD6210-6382-799C-1C0A-4BD675FA02AB}.Release|x64.Build.0 = Release|Any CPU
		{E7CD6210-6382-799C-1C0A-4BD675FA02AB}.Release|x86.ActiveCfg = Release|Any CPU
		{E7CD6210-6382-799C-1C0A-4BD675FA02AB}.Release|x86.Build.0 = Release|Any CPU
		{07F9D1E1-6D3C-1B12-9B83-69BFCFFBF219}.Debug|Any CPU.ActiveCfg = Debug|Any CPU
		{07F9D1E1-6D3C-1B12-9B83-69BFCFFBF219}.Debug|Any CPU.Build.0 = Debug|Any CPU
		{07F9D1E1-6D3C-1B12-9B83-69BFCFFBF219}.Debug|x64.ActiveCfg = Debug|Any CPU
		{07F9D1E1-6D3C-1B12-9B83-69BFCFFBF219}.Debug|x64.Build.0 = Debug|Any CPU
		{07F9D1E1-6D3C-1B12-9B83-69BFCFFBF219}.Debug|x86.ActiveCfg = Debug|Any CPU
		{07F9D1E1-6D3C-1B12-9B83-69BFCFFBF219}.Debug|x86.Build.0 = Debug|Any CPU
		{07F9D1E1-6D3C-1B12-9B83-69BFCFFBF219}.Release|Any CPU.ActiveCfg = Release|Any CPU
		{07F9D1E1-6D3C-1B12-9B83-69BFCFFBF219}.Release|Any CPU.Build.0 = Release|Any CPU
		{07F9D1E1-6D3C-1B12-9B83-69BFCFFBF219}.Release|x64.ActiveCfg = Release|Any CPU
		{07F9D1E1-6D3C-1B12-9B83-69BFCFFBF219}.Release|x64.Build.0 = Release|Any CPU
		{07F9D1E1-6D3C-1B12-9B83-69BFCFFBF219}.Release|x86.ActiveCfg = Release|Any CPU
		{07F9D1E1-6D3C-1B12-9B83-69BFCFFBF219}.Release|x86.Build.0 = Release|Any CPU
		{40176EB6-F8A4-1959-CB9F-D8B1CE026CFE}.Debug|Any CPU.ActiveCfg = Debug|Any CPU
		{40176EB6-F8A4-1959-CB9F-D8B1CE026CFE}.Debug|Any CPU.Build.0 = Debug|Any CPU
		{40176EB6-F8A4-1959-CB9F-D8B1CE026CFE}.Debug|x64.ActiveCfg = Debug|Any CPU
		{40176EB6-F8A4-1959-CB9F-D8B1CE026CFE}.Debug|x64.Build.0 = Debug|Any CPU
		{40176EB6-F8A4-1959-CB9F-D8B1CE026CFE}.Debug|x86.ActiveCfg = Debug|Any CPU
		{40176EB6-F8A4-1959-CB9F-D8B1CE026CFE}.Debug|x86.Build.0 = Debug|Any CPU
		{40176EB6-F8A4-1959-CB9F-D8B1CE026CFE}.Release|Any CPU.ActiveCfg = Release|Any CPU
		{40176EB6-F8A4-1959-CB9F-D8B1CE026CFE}.Release|Any CPU.Build.0 = Release|Any CPU
		{40176EB6-F8A4-1959-CB9F-D8B1CE026CFE}.Release|x64.ActiveCfg = Release|Any CPU
		{40176EB6-F8A4-1959-CB9F-D8B1CE026CFE}.Release|x64.Build.0 = Release|Any CPU
		{40176EB6-F8A4-1959-CB9F-D8B1CE026CFE}.Release|x86.ActiveCfg = Release|Any CPU
		{40176EB6-F8A4-1959-CB9F-D8B1CE026CFE}.Release|x86.Build.0 = Release|Any CPU
		{619AA481-327B-EDCF-C533-31A9C78CEAB1}.Debug|Any CPU.ActiveCfg = Debug|Any CPU
		{619AA481-327B-EDCF-C533-31A9C78CEAB1}.Debug|Any CPU.Build.0 = Debug|Any CPU
		{619AA481-327B-EDCF-C533-31A9C78CEAB1}.Debug|x64.ActiveCfg = Debug|Any CPU
		{619AA481-327B-EDCF-C533-31A9C78CEAB1}.Debug|x64.Build.0 = Debug|Any CPU
		{619AA481-327B-EDCF-C533-31A9C78CEAB1}.Debug|x86.ActiveCfg = Debug|Any CPU
		{619AA481-327B-EDCF-C533-31A9C78CEAB1}.Debug|x86.Build.0 = Debug|Any CPU
		{619AA481-327B-EDCF-C533-31A9C78CEAB1}.Release|Any CPU.ActiveCfg = Release|Any CPU
		{619AA481-327B-EDCF-C533-31A9C78CEAB1}.Release|Any CPU.Build.0 = Release|Any CPU
		{619AA481-327B-EDCF-C533-31A9C78CEAB1}.Release|x64.ActiveCfg = Release|Any CPU
		{619AA481-327B-EDCF-C533-31A9C78CEAB1}.Release|x64.Build.0 = Release|Any CPU
		{619AA481-327B-EDCF-C533-31A9C78CEAB1}.Release|x86.ActiveCfg = Release|Any CPU
		{619AA481-327B-EDCF-C533-31A9C78CEAB1}.Release|x86.Build.0 = Release|Any CPU
		{5C8C8958-71F5-B2B0-5DAF-098718F00AC6}.Debug|Any CPU.ActiveCfg = Debug|Any CPU
		{5C8C8958-71F5-B2B0-5DAF-098718F00AC6}.Debug|Any CPU.Build.0 = Debug|Any CPU
		{5C8C8958-71F5-B2B0-5DAF-098718F00AC6}.Debug|x64.ActiveCfg = Debug|Any CPU
		{5C8C8958-71F5-B2B0-5DAF-098718F00AC6}.Debug|x64.Build.0 = Debug|Any CPU
		{5C8C8958-71F5-B2B0-5DAF-098718F00AC6}.Debug|x86.ActiveCfg = Debug|Any CPU
		{5C8C8958-71F5-B2B0-5DAF-098718F00AC6}.Debug|x86.Build.0 = Debug|Any CPU
		{5C8C8958-71F5-B2B0-5DAF-098718F00AC6}.Release|Any CPU.ActiveCfg = Release|Any CPU
		{5C8C8958-71F5-B2B0-5DAF-098718F00AC6}.Release|Any CPU.Build.0 = Release|Any CPU
		{5C8C8958-71F5-B2B0-5DAF-098718F00AC6}.Release|x64.ActiveCfg = Release|Any CPU
		{5C8C8958-71F5-B2B0-5DAF-098718F00AC6}.Release|x64.Build.0 = Release|Any CPU
		{5C8C8958-71F5-B2B0-5DAF-098718F00AC6}.Release|x86.ActiveCfg = Release|Any CPU
		{5C8C8958-71F5-B2B0-5DAF-098718F00AC6}.Release|x86.Build.0 = Release|Any CPU
		{902E1AB8-BD9B-654C-942D-8CFD133797EF}.Debug|Any CPU.ActiveCfg = Debug|Any CPU
		{902E1AB8-BD9B-654C-942D-8CFD133797EF}.Debug|Any CPU.Build.0 = Debug|Any CPU
		{902E1AB8-BD9B-654C-942D-8CFD133797EF}.Debug|x64.ActiveCfg = Debug|Any CPU
		{902E1AB8-BD9B-654C-942D-8CFD133797EF}.Debug|x64.Build.0 = Debug|Any CPU
		{902E1AB8-BD9B-654C-942D-8CFD133797EF}.Debug|x86.ActiveCfg = Debug|Any CPU
		{902E1AB8-BD9B-654C-942D-8CFD133797EF}.Debug|x86.Build.0 = Debug|Any CPU
		{902E1AB8-BD9B-654C-942D-8CFD133797EF}.Release|Any CPU.ActiveCfg = Release|Any CPU
		{902E1AB8-BD9B-654C-942D-8CFD133797EF}.Release|Any CPU.Build.0 = Release|Any CPU
		{902E1AB8-BD9B-654C-942D-8CFD133797EF}.Release|x64.ActiveCfg = Release|Any CPU
		{902E1AB8-BD9B-654C-942D-8CFD133797EF}.Release|x64.Build.0 = Release|Any CPU
		{902E1AB8-BD9B-654C-942D-8CFD133797EF}.Release|x86.ActiveCfg = Release|Any CPU
		{902E1AB8-BD9B-654C-942D-8CFD133797EF}.Release|x86.Build.0 = Release|Any CPU
		{61809CBB-3806-4918-92D8-A700D7F91D86}.Debug|Any CPU.ActiveCfg = Debug|Any CPU
		{61809CBB-3806-4918-92D8-A700D7F91D86}.Debug|Any CPU.Build.0 = Debug|Any CPU
		{61809CBB-3806-4918-92D8-A700D7F91D86}.Debug|x64.ActiveCfg = Debug|Any CPU
		{61809CBB-3806-4918-92D8-A700D7F91D86}.Debug|x64.Build.0 = Debug|Any CPU
		{61809CBB-3806-4918-92D8-A700D7F91D86}.Debug|x86.ActiveCfg = Debug|Any CPU
		{61809CBB-3806-4918-92D8-A700D7F91D86}.Debug|x86.Build.0 = Debug|Any CPU
		{61809CBB-3806-4918-92D8-A700D7F91D86}.Release|Any CPU.ActiveCfg = Release|Any CPU
		{61809CBB-3806-4918-92D8-A700D7F91D86}.Release|Any CPU.Build.0 = Release|Any CPU
		{61809CBB-3806-4918-92D8-A700D7F91D86}.Release|x64.ActiveCfg = Release|Any CPU
		{61809CBB-3806-4918-92D8-A700D7F91D86}.Release|x64.Build.0 = Release|Any CPU
		{61809CBB-3806-4918-92D8-A700D7F91D86}.Release|x86.ActiveCfg = Release|Any CPU
		{61809CBB-3806-4918-92D8-A700D7F91D86}.Release|x86.Build.0 = Release|Any CPU
	EndGlobalSection
	GlobalSection(SolutionProperties) = preSolution
		HideSolutionNode = FALSE
	EndGlobalSection
	GlobalSection(NestedProjects) = preSolution
		{5CCBA1C6-2D33-B6D7-4E6B-67D835B17A42} = {02EA681E-C7D8-13C7-8484-4AC65E1B71E8}
		{10372968-9A3B-7BA4-C297-2BEAFE6B96FB} = {02EA681E-C7D8-13C7-8484-4AC65E1B71E8}
		{8896C5BC-D2D0-49C6-BBD2-9DFBB2F7D32A} = {02EA681E-C7D8-13C7-8484-4AC65E1B71E8}
		{9BDF1CC4-C97B-BFF4-CEEE-1403C1E6E1EF} = {02EA681E-C7D8-13C7-8484-4AC65E1B71E8}
		{4BB91FFE-25FA-4FF7-8E51-1C757778A440} = {02EA681E-C7D8-13C7-8484-4AC65E1B71E8}
		{D0A6A8CF-91C4-0CE6-2FB3-5D329531CF71} = {02EA681E-C7D8-13C7-8484-4AC65E1B71E8}
		{CEED459E-62FE-A9F2-E10E-D122BC1D13D2} = {02EA681E-C7D8-13C7-8484-4AC65E1B71E8}
		{03AE8F01-38A4-12D5-FD40-0AF5CF297BD4} = {02EA681E-C7D8-13C7-8484-4AC65E1B71E8}
		{82C1A507-F1DC-9E5C-6C87-DDAF37DA4BEB} = {02EA681E-C7D8-13C7-8484-4AC65E1B71E8}
		{E7CD6210-6382-799C-1C0A-4BD675FA02AB} = {02EA681E-C7D8-13C7-8484-4AC65E1B71E8}
		{07F9D1E1-6D3C-1B12-9B83-69BFCFFBF219} = {02EA681E-C7D8-13C7-8484-4AC65E1B71E8}
		{40176EB6-F8A4-1959-CB9F-D8B1CE026CFE} = {02EA681E-C7D8-13C7-8484-4AC65E1B71E8}
		{619AA481-327B-EDCF-C533-31A9C78CEAB1} = {02EA681E-C7D8-13C7-8484-4AC65E1B71E8}
		{5C8C8958-71F5-B2B0-5DAF-098718F00AC6} = {02EA681E-C7D8-13C7-8484-4AC65E1B71E8}
		{902E1AB8-BD9B-654C-942D-8CFD133797EF} = {02EA681E-C7D8-13C7-8484-4AC65E1B71E8}
		{61809CBB-3806-4918-92D8-A700D7F91D86} = {02EA681E-C7D8-13C7-8484-4AC65E1B71E8}
	EndGlobalSection
	GlobalSection(ExtensibilityGlobals) = postSolution
		SolutionGuid = {F57D1E88-2ED8-4260-9DD9-96FD8C94901D}
	EndGlobalSection
	GlobalSection(MonoDevelopProperties) = preSolution
		Policies = $0
		$0.NameConventionPolicy = $1
		$1.Rules = $2
		$2.NamingRule = $22
		$3.Name = Namespaces
		$3.AffectedEntity = Namespace
		$3.VisibilityMask = VisibilityMask
		$3.NamingStyle = PascalCase
		$3.IncludeInstanceMembers = True
		$3.IncludeStaticEntities = True
		$4.Name = Types
		$4.AffectedEntity = Class, Struct, Enum, Delegate
		$4.VisibilityMask = Public
		$4.NamingStyle = PascalCase
		$4.IncludeInstanceMembers = True
		$4.IncludeStaticEntities = True
		$5.Name = Interfaces
		$5.RequiredPrefixes = $6
		$6.String = I
		$5.AffectedEntity = Interface
		$5.VisibilityMask = Public
		$5.NamingStyle = PascalCase
		$5.IncludeInstanceMembers = True
		$5.IncludeStaticEntities = True
		$7.Name = Attributes
		$7.RequiredSuffixes = $8
		$8.String = Attribute
		$7.AffectedEntity = CustomAttributes
		$7.VisibilityMask = Public
		$7.NamingStyle = PascalCase
		$7.IncludeInstanceMembers = True
		$7.IncludeStaticEntities = True
		$9.Name = Event Arguments
		$9.RequiredSuffixes = $10
		$10.String = EventArgs
		$9.AffectedEntity = CustomEventArgs
		$9.VisibilityMask = Public
		$9.NamingStyle = PascalCase
		$9.IncludeInstanceMembers = True
		$9.IncludeStaticEntities = True
		$11.Name = Exceptions
		$11.RequiredSuffixes = $12
		$12.String = Exception
		$11.AffectedEntity = CustomExceptions
		$11.VisibilityMask = VisibilityMask
		$11.NamingStyle = PascalCase
		$11.IncludeInstanceMembers = True
		$11.IncludeStaticEntities = True
		$13.Name = Methods
		$13.AffectedEntity = Methods
		$13.VisibilityMask = Protected, Public
		$13.NamingStyle = PascalCase
		$13.IncludeInstanceMembers = True
		$13.IncludeStaticEntities = True
		$14.Name = Static Readonly Fields
		$14.AffectedEntity = ReadonlyField
		$14.VisibilityMask = Protected, Public
		$14.NamingStyle = PascalCase
		$14.IncludeInstanceMembers = False
		$14.IncludeStaticEntities = True
		$15.Name = Fields
		$15.AffectedEntity = Field
		$15.VisibilityMask = Protected, Public
		$15.NamingStyle = PascalCase
		$15.IncludeInstanceMembers = True
		$15.IncludeStaticEntities = True
		$16.Name = ReadOnly Fields
		$16.AffectedEntity = ReadonlyField
		$16.VisibilityMask = Protected, Public
		$16.NamingStyle = PascalCase
		$16.IncludeInstanceMembers = True
		$16.IncludeStaticEntities = False
		$17.Name = Constant Fields
		$17.AffectedEntity = ConstantField
		$17.VisibilityMask = Protected, Public
		$17.NamingStyle = PascalCase
		$17.IncludeInstanceMembers = True
		$17.IncludeStaticEntities = True
		$18.Name = Properties
		$18.AffectedEntity = Property
		$18.VisibilityMask = Protected, Public
		$18.NamingStyle = PascalCase
		$18.IncludeInstanceMembers = True
		$18.IncludeStaticEntities = True
		$19.Name = Events
		$19.AffectedEntity = Event
		$19.VisibilityMask = Protected, Public
		$19.NamingStyle = PascalCase
		$19.IncludeInstanceMembers = True
		$19.IncludeStaticEntities = True
		$20.Name = Enum Members
		$20.AffectedEntity = EnumMember
		$20.VisibilityMask = VisibilityMask
		$20.NamingStyle = PascalCase
		$20.IncludeInstanceMembers = True
		$20.IncludeStaticEntities = True
		$21.Name = Parameters
		$21.AffectedEntity = Parameter
		$21.VisibilityMask = VisibilityMask
		$21.NamingStyle = CamelCase
		$21.IncludeInstanceMembers = True
		$21.IncludeStaticEntities = True
		$22.Name = Type Parameters
		$22.RequiredPrefixes = $23
		$23.String = T
		$22.AffectedEntity = TypeParameter
		$22.VisibilityMask = VisibilityMask
		$22.NamingStyle = PascalCase
		$22.IncludeInstanceMembers = True
		$22.IncludeStaticEntities = True
		$0.VersionControlPolicy = $24
		$24.CommitMessageStyle = $25
		$25.FileSeparator = ", "
		$25.LastFilePostfix = "@:\n  "
		$25.IncludeDirectoryPaths = True
		$24.inheritsSet = Mono
		$0.ChangeLogPolicy = $26
		$26.UpdateMode = None
		$26.VcsIntegration = RequireEntry
		$26.MessageStyle = $27
		$27.LineAlign = 0
		$26.inheritsSet = Mono
	EndGlobalSection
EndGlobal
