
Microsoft Visual Studio Solution File, Format Version 12.00
# Visual Studio 2013
VisualStudioVersion = 12.0.30110.0
MinimumVisualStudioVersion = 10.0.40219.1
Project("{2150E333-8FDC-42A3-9474-1A3956D46DE8}") = "Solution Items", "Solution Items", "{14373A98-84EF-4EE2-A4E8-96DEE9FF5BEA}"
	ProjectSection(SolutionItems) = preProject
		build.fsx = build.fsx
		README.md = README.md
	EndProjectSection
EndProject
Project("{2150E333-8FDC-42A3-9474-1A3956D46DE8}") = "docs", "docs", "{D383A6BC-FD4A-4C9C-99CA-5AE5C8A7B261}"
	ProjectSection(SolutionItems) = preProject
		docs\tools\generate.fsx = docs\tools\generate.fsx
		docs\content\index.fsx = docs\content\index.fsx
		docs\tools\templates\template.cshtml = docs\tools\templates\template.cshtml
	EndProjectSection
EndProject
Project("{F2A71F9B-5D33-465A-A702-920D77279786}") = "SqlProvider", "src\SQLProvider\SqlProvider.fsproj", "{4EEA1AD8-E8A9-4D54-BC39-D5F536366945}"
EndProject
Project("{2150E333-8FDC-42A3-9474-1A3956D46DE8}") = "core", "core", "{C7E85487-91DA-43CE-B343-C54614949C13}"
	ProjectSection(SolutionItems) = preProject
		docs\content\core\general.fsx = docs\content\core\general.fsx
		docs\content\core\oracle.fsx = docs\content\core\oracle.fsx
	EndProjectSection
EndProject
Project("{2150E333-8FDC-42A3-9474-1A3956D46DE8}") = "Scripts", "Scripts", "{76C3C867-4E92-4A85-BE21-5839A66F47E5}"
	ProjectSection(SolutionItems) = preProject
		src\scripts\GraphViz.fsx = src\scripts\GraphViz.fsx
		src\scripts\OracleInspector.fsx = src\scripts\OracleInspector.fsx
	EndProjectSection
EndProject
Project("{F2A71F9B-5D33-465A-A702-920D77279786}") = "OdbcProvider", "src\OdbcProvider\OdbcProvider.fsproj", "{71AFAC22-202C-47B6-A5D1-D907526443DC}"
EndProject
Global
	GlobalSection(SolutionConfigurationPlatforms) = preSolution
		Debug|Any CPU = Debug|Any CPU
		Release|Any CPU = Release|Any CPU
	EndGlobalSection
	GlobalSection(ProjectConfigurationPlatforms) = postSolution
		{4EEA1AD8-E8A9-4D54-BC39-D5F536366945}.Debug|Any CPU.ActiveCfg = Debug|Any CPU
		{4EEA1AD8-E8A9-4D54-BC39-D5F536366945}.Debug|Any CPU.Build.0 = Debug|Any CPU
		{4EEA1AD8-E8A9-4D54-BC39-D5F536366945}.Release|Any CPU.ActiveCfg = Release|Any CPU
		{4EEA1AD8-E8A9-4D54-BC39-D5F536366945}.Release|Any CPU.Build.0 = Release|Any CPU
		{71AFAC22-202C-47B6-A5D1-D907526443DC}.Debug|Any CPU.ActiveCfg = Debug|Any CPU
		{71AFAC22-202C-47B6-A5D1-D907526443DC}.Debug|Any CPU.Build.0 = Debug|Any CPU
		{71AFAC22-202C-47B6-A5D1-D907526443DC}.Release|Any CPU.ActiveCfg = Release|Any CPU
		{71AFAC22-202C-47B6-A5D1-D907526443DC}.Release|Any CPU.Build.0 = Release|Any CPU
	EndGlobalSection
	GlobalSection(SolutionProperties) = preSolution
		HideSolutionNode = FALSE
	EndGlobalSection
	GlobalSection(NestedProjects) = preSolution
		{C7E85487-91DA-43CE-B343-C54614949C13} = {D383A6BC-FD4A-4C9C-99CA-5AE5C8A7B261}
	EndGlobalSection
EndGlobal
