
Microsoft Visual Studio Solution File, Format Version 12.00
# Visual Studio Version 17
VisualStudioVersion = 17.7.34031.279
MinimumVisualStudioVersion = 10.0.40219.1
Project("{6EC3EE1D-3C4E-46DD-8F32-0CC8E7565705}") = "Benchmarks", "Benchmarks.fsproj", "{41DBD251-92B3-4EF7-ACF4-AFDC117B716A}"
EndProject
Global
	GlobalSection(SolutionConfigurationPlatforms) = preSolution
		Debug|Any CPU = Debug|Any CPU
		Release|Any CPU = Release|Any CPU
	EndGlobalSection
	GlobalSection(ProjectConfigurationPlatforms) = postSolution
		{41DBD251-92B3-4EF7-ACF4-AFDC117B716A}.Debug|Any CPU.ActiveCfg = Release|Any CPU
		{41DBD251-92B3-4EF7-ACF4-AFDC117B716A}.Debug|Any CPU.Build.0 = Release|Any CPU
		{41DBD251-92B3-4EF7-ACF4-AFDC117B716A}.Release|Any CPU.ActiveCfg = Release|Any CPU
		{41DBD251-92B3-4EF7-ACF4-AFDC117B716A}.Release|Any CPU.Build.0 = Release|Any CPU
	EndGlobalSection
	GlobalSection(SolutionProperties) = preSolution
		HideSolutionNode = FALSE
	EndGlobalSection
	GlobalSection(ExtensibilityGlobals) = postSolution
		SolutionGuid = {473BFCD6-4778-4952-BDCE-BC6BD2498579}
	EndGlobalSection
EndGlobal
