
Microsoft Visual Studio Solution File, Format Version 12.00
# Visual Studio 2013
VisualStudioVersion = 12.0.30723.0
MinimumVisualStudioVersion = 10.0.40219.1
Project("{F2A71F9B-5D33-465A-A702-920D77279786}") = "SqlProviderTest", "SqlProviderTest\SqlProviderTest.fsproj", "{3BE990EC-B050-4163-849A-A3DF7CE328AD}"
EndProject
Global
	GlobalSection(SolutionConfigurationPlatforms) = preSolution
		Debug|Any CPU = Debug|Any CPU
		Release|Any CPU = Release|Any CPU
	EndGlobalSection
	GlobalSection(ProjectConfigurationPlatforms) = postSolution
		{3BE990EC-B050-4163-849A-A3DF7CE328AD}.Debug|Any CPU.ActiveCfg = Debug|Any CPU
		{3BE990EC-B050-4163-849A-A3DF7CE328AD}.Debug|Any CPU.Build.0 = Debug|Any CPU
		{3BE990EC-B050-4163-849A-A3DF7CE328AD}.Release|Any CPU.ActiveCfg = Release|Any CPU
		{3BE990EC-B050-4163-849A-A3DF7CE328AD}.Release|Any CPU.Build.0 = Release|Any CPU
	EndGlobalSection
	GlobalSection(SolutionProperties) = preSolution
		HideSolutionNode = FALSE
	EndGlobalSection
EndGlobal
