
Microsoft Visual Studio Solution File, Format Version 12.00
# Visual Studio 2013
VisualStudioVersion = 12.0.21005.1
MinimumVisualStudioVersion = 10.0.40219.1
Project("{F2A71F9B-5D33-465A-A702-920D77279786}") = "SqlProvider", "SqlProvider.fsproj", "{4EEA1AD8-E8A9-4D54-BC39-D5F536366945}"
EndProject
Global
	GlobalSection(SolutionConfigurationPlatforms) = preSolution
		Debug|Any CPU = Debug|Any CPU
		Release|Any CPU = Release|Any CPU
	EndGlobalSection
	GlobalSection(ProjectConfigurationPlatforms) = postSolution
		{4EEA1AD8-E8A9-4D54-BC39-D5F536366945}.Debug|Any CPU.ActiveCfg = Debug|Any CPU
		{4EEA1AD8-E8A9-4D54-BC39-D5F536366945}.Debug|Any CPU.Build.0 = Debug|Any CPU
		{4EEA1AD8-E8A9-4D54-BC39-D5F536366945}.Release|Any CPU.ActiveCfg = Debug|Any CPU
		{4EEA1AD8-E8A9-4D54-BC39-D5F536366945}.Release|Any CPU.Build.0 = Debug|Any CPU
	EndGlobalSection
	GlobalSection(SolutionProperties) = preSolution
		HideSolutionNode = FALSE
	EndGlobalSection
EndGlobal
