
Microsoft Visual Studio Solution File, Format Version 12.00
# Visual Studio Version 16
VisualStudioVersion = 16.0.30709.132
MinimumVisualStudioVersion = 10.0.40219.1
Project("{F2A71F9B-5D33-465A-A702-920D77279786}") = "MsSqlSsdt.Tests", "MsSqlSsdt.Tests\MsSqlSsdt.Tests.fsproj", "{A49DF082-8FAE-4A58-AEC5-3055BF017D62}"
EndProject
Project("{F2A71F9B-5D33-465A-A702-920D77279786}") = "SqlProvider", "..\..\..\src\SQLProvider\SqlProvider.fsproj", "{4EEA1AD8-E8A9-4D54-BC39-D5F536366945}"
EndProject
Global
	GlobalSection(SolutionConfigurationPlatforms) = preSolution
		Debug|Any CPU = Debug|Any CPU
		Release|Any CPU = Release|Any CPU
	EndGlobalSection
	GlobalSection(ProjectConfigurationPlatforms) = postSolution
		{A49DF082-8FAE-4A58-AEC5-3055BF017D62}.Debug|Any CPU.ActiveCfg = Debug|Any CPU
		{A49DF082-8FAE-4A58-AEC5-3055BF017D62}.Debug|Any CPU.Build.0 = Debug|Any CPU
		{A49DF082-8FAE-4A58-AEC5-3055BF017D62}.Release|Any CPU.ActiveCfg = Release|Any CPU
		{A49DF082-8FAE-4A58-AEC5-3055BF017D62}.Release|Any CPU.Build.0 = Release|Any CPU
		{4EEA1AD8-E8A9-4D54-BC39-D5F536366945}.Debug|Any CPU.ActiveCfg = Debug|Any CPU
		{4EEA1AD8-E8A9-4D54-BC39-D5F536366945}.Debug|Any CPU.Build.0 = Debug|Any CPU
		{4EEA1AD8-E8A9-4D54-BC39-D5F536366945}.Release|Any CPU.ActiveCfg = Release|Any CPU
		{4EEA1AD8-E8A9-4D54-BC39-D5F536366945}.Release|Any CPU.Build.0 = Release|Any CPU
	EndGlobalSection
	GlobalSection(SolutionProperties) = preSolution
		HideSolutionNode = FALSE
	EndGlobalSection
	GlobalSection(ExtensibilityGlobals) = postSolution
		SolutionGuid = {2943E08D-B918-489F-AE9C-FF4FA0C5EA84}
	EndGlobalSection
EndGlobal
